{
  "originHash" : "4bf679b4a32ba1737fbac062beb46576b11b0bf18d769a1adac0e52dd05cf2ca",
  "pins" : [
    {
      "identity" : "swift-argument-parser",
      "kind" : "remoteSourceControl",
      "location" : "https://github.com/apple/swift-argument-parser.git",
      "state" : {
        "revision" : "6a52f3251125d74daf04fcbd5e6f08a75d074382",
        "version" : "1.8.2"
      }
    },
    {
      "identity" : "swift-subprocess",
      "kind" : "remoteSourceControl",
      "location" : "https://github.com/swiftlang/swift-subprocess.git",
      "state" : {
        "revision" : "40243d063b41485e17501ccb9d434006bdf837a5"
      }
    },
    {
      "identity" : "swift-system",
      "kind" : "remoteSourceControl",
      "location" : "https://github.com/apple/swift-system",
      "state" : {
        "revision" : "50688cacbd41d547e9eb9f7a213542340b7c442b",
        "version" : "1.7.5"
      }
    }
  ],
  "version" : 3
}
